<?xml version="1.0" encoding="utf-8"?>
<Project ToolsVersion="4.0" xmlns="http://schemas.microsoft.com/developer/msbuild/2003">
  <ItemGroup>
    <Filter Include="Source files">
      <UniqueIdentifier>{16ae9866-7fd6-45ea-a161-3ca16647eab4}</UniqueIdentifier>
      <Extensions>cpp;c;cc;cxx;def;odl;idl;hpj;bat;asm;asmx</Extensions>
    </Filter>
    <Filter Include="Header files">
      <UniqueIdentifier>{21df8f44-760d-4bed-91a8-284330e50a83}</UniqueIdentifier>
      <Extensions>h;hpp;hxx;hm;inl;inc;xsd</Extensions>
    </Filter>
    <Filter Include="Resource files">
      <UniqueIdentifier>{5f90e3cb-3987-4100-b1e2-35301a30780c}</UniqueIdentifier>
      <Extensions>rc;ico;cur;bmp;dlg;rc2;rct;bin;rgs;gif;jpg;jpeg;jpe;resx;tiff;tif;png;wav</Extensions>
    </Filter>
    <Filter Include="Source files\Device-specific files">
      <UniqueIdentifier>{b73e5e5a-d576-471b-abea-08f656d5b64e}</UniqueIdentifier>
    </Filter>
    <Filter Include="Header files\Device-specific files">
      <UniqueIdentifier>{d18ae41d-8d00-400d-9f8f-0ade121f241f}</UniqueIdentifier>
    </Filter>
    <Filter Include="VisualGDB settings">
      <UniqueIdentifier>{1a1919a0-6bf4-44a9-ba88-a0b0abff221a}</UniqueIdentifier>
    </Filter>
    <Filter Include="Source files\Inc">
      <UniqueIdentifier>{6e1cfc2a-de23-4e77-9438-50112bb0ab5c}</UniqueIdentifier>
    </Filter>
    <Filter Include="Source files\Src">
      <UniqueIdentifier>{cfdd8833-0c39-4928-a070-56fdaedd4f9f}</UniqueIdentifier>
    </Filter>
    <Filter Include="Header files\Device-specific files\FreeRTOS">
      <UniqueIdentifier>{a9805512-bc9b-4037-becb-57795b683dce}</UniqueIdentifier>
    </Filter>
    <Filter Include="Source files\Device-specific files\FreeRTOS">
      <UniqueIdentifier>{bc31cfba-845d-4513-8d97-ddd204cf4433}</UniqueIdentifier>
    </Filter>
    <Filter Include="Drivers">
      <UniqueIdentifier>{19114253-c05f-49c4-b9d8-589deb25b5b3}</UniqueIdentifier>
    </Filter>
    <Filter Include="Drivers\Inc">
      <UniqueIdentifier>{a3c56cfa-daa2-4525-9e06-4f04a5ebca9b}</UniqueIdentifier>
    </Filter>
    <Filter Include="Drivers\Src">
      <UniqueIdentifier>{a812221b-5ca7-4bf3-8e7d-15443badd0d3}</UniqueIdentifier>
    </Filter>
  </ItemGroup>
  <ItemGroup>
    <None Include="kinetis.props">
      <Filter>Source files\Device-specific files</Filter>
    </None>
    <ClCompile Include="$(BSP_ROOT)\KL25Z4\StartupFiles\startup.c">
      <Filter>Source files\Device-specific files</Filter>
    </ClCompile>
    <ClCompile Include="$(BSP_ROOT)\KL25Z4\StartupFiles\vectors_KL25Z4.c">
      <Filter>Source files\Device-specific files</Filter>
    </ClCompile>
    <ClCompile Include="$(BSP_ROOT)\platform\devices\MKL25Z4\startup\system_MKL25Z4.c">
      <Filter>Source files\Device-specific files</Filter>
    </ClCompile>
    <ClInclude Include="$(BSP_ROOT)\platform\CMSIS\Include\arm_common_tables.h">
      <Filter>Header files\Device-specific files</Filter>
    </ClInclude>
    <ClInclude Include="$(BSP_ROOT)\platform\CMSIS\Include\arm_const_structs.h">
      <Filter>Header files\Device-specific files</Filter>
    </ClInclude>
    <ClInclude Include="$(BSP_ROOT)\platform\CMSIS\Include\core_cm0plus.h">
      <Filter>Header files\Device-specific files</Filter>
    </ClInclude>
    <ClInclude Include="$(BSP_ROOT)\platform\CMSIS\Include\core_cmFunc.h">
      <Filter>Header files\Device-specific files</Filter>
    </ClInclude>
    <ClInclude Include="$(BSP_ROOT)\platform\CMSIS\Include\core_cmInstr.h">
      <Filter>Header files\Device-specific files</Filter>
    </ClInclude>
    <ClInclude Include="$(BSP_ROOT)\platform\CMSIS\Include\core_cmSimd.h">
      <Filter>Header files\Device-specific files</Filter>
    </ClInclude>
    <ClInclude Include="$(BSP_ROOT)\platform\devices\fsl_device_registers.h">
      <Filter>Header files\Device-specific files</Filter>
    </ClInclude>
    <ClInclude Include="$(BSP_ROOT)\platform\devices\MKL25Z4\include\fsl_bitaccess.h">
      <Filter>Header files\Device-specific files</Filter>
    </ClInclude>
    <ClInclude Include="$(BSP_ROOT)\platform\devices\MKL25Z4\include\MKL25Z4.h">
      <Filter>Header files\Device-specific files</Filter>
    </ClInclude>
    <ClInclude Include="$(BSP_ROOT)\platform\devices\MKL25Z4\include\MKL25Z4_extension.h">
      <Filter>Header files\Device-specific files</Filter>
    </ClInclude>
    <ClInclude Include="$(BSP_ROOT)\platform\devices\MKL25Z4\include\MKL25Z4_features.h">
      <Filter>Header files\Device-specific files</Filter>
    </ClInclude>
    <ClInclude Include="$(BSP_ROOT)\platform\devices\MKL25Z4\startup\system_MKL25Z4.h">
      <Filter>Header files\Device-specific files</Filter>
    </ClInclude>
    <None Include="kl25_test-Debug.vgdbsettings">
      <Filter>VisualGDB settings</Filter>
    </None>
    <None Include="kl25_test-Release.vgdbsettings">
      <Filter>VisualGDB settings</Filter>
    </None>
    <None Include="kinetis.xml">
      <Filter>VisualGDB settings</Filter>
    </None>
  </ItemGroup>
  <ItemGroup>
    <ClCompile Include="FreeRTOS\port\gcc\port.c">
      <Filter>Source files\Device-specific files\FreeRTOS</Filter>
    </ClCompile>
    <ClCompile Include="FreeRTOS\src\croutine.c">
      <Filter>Source files\Device-specific files\FreeRTOS</Filter>
    </ClCompile>
    <ClCompile Include="FreeRTOS\src\event_groups.c">
      <Filter>Source files\Device-specific files\FreeRTOS</Filter>
    </ClCompile>
    <ClCompile Include="FreeRTOS\src\heap_1.c">
      <Filter>Source files\Device-specific files\FreeRTOS</Filter>
    </ClCompile>
    <ClCompile Include="FreeRTOS\src\heap_2.c">
      <Filter>Source files\Device-specific files\FreeRTOS</Filter>
    </ClCompile>
    <ClCompile Include="FreeRTOS\src\heap_3.c">
      <Filter>Source files\Device-specific files\FreeRTOS</Filter>
    </ClCompile>
    <ClCompile Include="FreeRTOS\src\heap_4.c">
      <Filter>Source files\Device-specific files\FreeRTOS</Filter>
    </ClCompile>
    <ClCompile Include="FreeRTOS\src\heap_5.c">
      <Filter>Source files\Device-specific files\FreeRTOS</Filter>
    </ClCompile>
    <ClCompile Include="FreeRTOS\src\list.c">
      <Filter>Source files\Device-specific files\FreeRTOS</Filter>
    </ClCompile>
    <ClCompile Include="FreeRTOS\src\queue.c">
      <Filter>Source files\Device-specific files\FreeRTOS</Filter>
    </ClCompile>
    <ClCompile Include="FreeRTOS\src\tasks.c">
      <Filter>Source files\Device-specific files\FreeRTOS</Filter>
    </ClCompile>
    <ClCompile Include="FreeRTOS\src\timers.c">
      <Filter>Source files\Device-specific files\FreeRTOS</Filter>
    </ClCompile>
    <ClCompile Include="Src\comm.c">
      <Filter>Source files\Src</Filter>
    </ClCompile>
    <ClCompile Include="Src\HS1101.c">
      <Filter>Source files\Src</Filter>
    </ClCompile>
    <ClCompile Include="Src\main.c">
      <Filter>Source files\Src</Filter>
    </ClCompile>
    <ClCompile Include="Src\printf-stdarg.c">
      <Filter>Source files\Src</Filter>
    </ClCompile>
    <ClCompile Include="Src\system.c">
      <Filter>Source files\Src</Filter>
    </ClCompile>
    <ClCompile Include="Drivers\Src\spi.c">
      <Filter>Drivers\Src</Filter>
    </ClCompile>
    <ClCompile Include="Drivers\Src\dma.c">
      <Filter>Drivers\Src</Filter>
    </ClCompile>
    <ClCompile Include="Drivers\Src\gpio.c">
      <Filter>Drivers\Src</Filter>
    </ClCompile>
    <ClCompile Include="Drivers\Src\tpm.c">
      <Filter>Drivers\Src</Filter>
    </ClCompile>
    <ClCompile Include="Src\motor.c">
      <Filter>Source files\Src</Filter>
    </ClCompile>
    <ClCompile Include="Drivers\Src\adc.c">
      <Filter>Drivers\Src</Filter>
    </ClCompile>
    <ClCompile Include="Src\sensors.c">
      <Filter>Source files\Src</Filter>
    </ClCompile>
    <ClCompile Include="Drivers\Src\nrf24l01.c">
      <Filter>Drivers\Src</Filter>
    </ClCompile>
  </ItemGroup>
  <ItemGroup>
    <ClInclude Include="FreeRTOS\include\croutine.h">
      <Filter>Header files\Device-specific files\FreeRTOS</Filter>
    </ClInclude>
    <ClInclude Include="FreeRTOS\include\deprecated_definitions.h">
      <Filter>Header files\Device-specific files\FreeRTOS</Filter>
    </ClInclude>
    <ClInclude Include="FreeRTOS\include\event_groups.h">
      <Filter>Header files\Device-specific files\FreeRTOS</Filter>
    </ClInclude>
    <ClInclude Include="FreeRTOS\include\FreeRTOS.h">
      <Filter>Header files\Device-specific files\FreeRTOS</Filter>
    </ClInclude>
    <ClInclude Include="FreeRTOS\include\list.h">
      <Filter>Header files\Device-specific files\FreeRTOS</Filter>
    </ClInclude>
    <ClInclude Include="FreeRTOS\include\mpu_wrappers.h">
      <Filter>Header files\Device-specific files\FreeRTOS</Filter>
    </ClInclude>
    <ClInclude Include="FreeRTOS\include\portable.h">
      <Filter>Header files\Device-specific files\FreeRTOS</Filter>
    </ClInclude>
    <ClInclude Include="FreeRTOS\include\projdefs.h">
      <Filter>Header files\Device-specific files\FreeRTOS</Filter>
    </ClInclude>
    <ClInclude Include="FreeRTOS\include\queue.h">
      <Filter>Header files\Device-specific files\FreeRTOS</Filter>
    </ClInclude>
    <ClInclude Include="FreeRTOS\include\semphr.h">
      <Filter>Header files\Device-specific files\FreeRTOS</Filter>
    </ClInclude>
    <ClInclude Include="FreeRTOS\include\StackMacros.h">
      <Filter>Header files\Device-specific files\FreeRTOS</Filter>
    </ClInclude>
    <ClInclude Include="FreeRTOS\include\task.h">
      <Filter>Header files\Device-specific files\FreeRTOS</Filter>
    </ClInclude>
    <ClInclude Include="FreeRTOS\include\timers.h">
      <Filter>Header files\Device-specific files\FreeRTOS</Filter>
    </ClInclude>
    <ClInclude Include="FreeRTOS\config\KL25Z4\gcc\FreeRTOSConfig.h">
      <Filter>Header files\Device-specific files\FreeRTOS</Filter>
    </ClInclude>
    <ClInclude Include="FreeRTOS\port\gcc\portmacro.h">
      <Filter>Header files\Device-specific files\FreeRTOS</Filter>
    </ClInclude>
    <ClInclude Include="FreeRTOS\port\gcc\portTicks.h">
      <Filter>Header files\Device-specific files\FreeRTOS</Filter>
    </ClInclude>
    <ClInclude Include="Inc\comm.h">
      <Filter>Source files\Inc</Filter>
    </ClInclude>
    <ClInclude Include="Inc\defines.h">
      <Filter>Source files\Inc</Filter>
    </ClInclude>
    <ClInclude Include="Inc\HS1101.h">
      <Filter>Source files\Inc</Filter>
    </ClInclude>
    <ClInclude Include="Inc\includes.h">
      <Filter>Source files\Inc</Filter>
    </ClInclude>
    <ClInclude Include="Inc\printf-stdarg.h">
      <Filter>Source files\Inc</Filter>
    </ClInclude>
    <ClInclude Include="Inc\system.h">
      <Filter>Source files\Inc</Filter>
    </ClInclude>
    <ClInclude Include="Drivers\Inc\spi.h">
      <Filter>Drivers\Inc</Filter>
    </ClInclude>
    <ClInclude Include="Drivers\Inc\dma.h">
      <Filter>Drivers\Inc</Filter>
    </ClInclude>
    <ClInclude Include="Drivers\Inc\gpio.h">
      <Filter>Drivers\Inc</Filter>
    </ClInclude>
    <ClInclude Include="Drivers\Inc\tpm.h">
      <Filter>Drivers\Inc</Filter>
    </ClInclude>
    <ClInclude Include="Inc\motor.h">
      <Filter>Source files\Inc</Filter>
    </ClInclude>
    <ClInclude Include="Drivers\Inc\adc.h">
      <Filter>Drivers\Inc</Filter>
    </ClInclude>
    <ClInclude Include="Inc\sensors.h">
      <Filter>Source files\Inc</Filter>
    </ClInclude>
    <ClInclude Include="Drivers\Inc\nrf24l01.h">
      <Filter>Drivers\Inc</Filter>
    </ClInclude>
  </ItemGroup>
  <ItemGroup>
    <LinkerScript Include="MKL25Z128xxx4_flash.lds">
      <Filter>Source files</Filter>
    </LinkerScript>
  </ItemGroup>
  <ItemGroup>
    <Text Include="FreeRTOS\src\FreeRTOS_license.txt">
      <Filter>Source files\Device-specific files\FreeRTOS</Filter>
    </Text>
  </ItemGroup>
</Project>